
Microsoft Visual Studio Solution File, Format Version 12.00
# Visual Studio Version 17
VisualStudioVersion = 17.3.32825.248
MinimumVisualStudioVersion = 10.0.40219.1
Project("{FAE04EC0-301F-11D3-BF4B-00C04F79EFBC}") = "FirstProject", "FirstProject\FirstProject.csproj", "{EF94F35E-A540-416A-8686-95C74EB8051A}"
EndProject
Global
	GlobalSection(SolutionConfigurationPlatforms) = preSolution
		Debug|Any CPU = Debug|Any CPU
		Release|Any CPU = Release|Any CPU
	EndGlobalSection
	GlobalSection(ProjectConfigurationPlatforms) = postSolution
		{EF94F35E-A540-416A-8686-95C74EB8051A}.Debug|Any CPU.ActiveCfg = Debug|Any CPU
		{EF94F35E-A540-416A-8686-95C74EB8051A}.Debug|Any CPU.Build.0 = Debug|Any CPU
		{EF94F35E-A540-416A-8686-95C74EB8051A}.Release|Any CPU.ActiveCfg = Release|Any CPU
		{EF94F35E-A540-416A-8686-95C74EB8051A}.Release|Any CPU.Build.0 = Release|Any CPU
	EndGlobalSection
	GlobalSection(SolutionProperties) = preSolution
		HideSolutionNode = FALSE
	EndGlobalSection
	GlobalSection(ExtensibilityGlobals) = postSolution
		SolutionGuid = {861A262F-4655-421F-9251-CAF4095E3D4D}
	EndGlobalSection
EndGlobal
