
Microsoft Visual Studio Solution File, Format Version 12.00
# Visual Studio Version 17
VisualStudioVersion = 17.3.32825.248
MinimumVisualStudioVersion = 10.0.40219.1
Project("{FAE04EC0-301F-11D3-BF4B-00C04F79EFBC}") = "MyStoreLab", "MyStoreLab\MyStoreLab.csproj", "{601E358A-EAC2-4FE3-903F-A88C6163B4C2}"
EndProject
Global
	GlobalSection(SolutionConfigurationPlatforms) = preSolution
		Debug|Any CPU = Debug|Any CPU
		Release|Any CPU = Release|Any CPU
	EndGlobalSection
	GlobalSection(ProjectConfigurationPlatforms) = postSolution
		{601E358A-EAC2-4FE3-903F-A88C6163B4C2}.Debug|Any CPU.ActiveCfg = Debug|Any CPU
		{601E358A-EAC2-4FE3-903F-A88C6163B4C2}.Debug|Any CPU.Build.0 = Debug|Any CPU
		{601E358A-EAC2-4FE3-903F-A88C6163B4C2}.Release|Any CPU.ActiveCfg = Release|Any CPU
		{601E358A-EAC2-4FE3-903F-A88C6163B4C2}.Release|Any CPU.Build.0 = Release|Any CPU
	EndGlobalSection
	GlobalSection(SolutionProperties) = preSolution
		HideSolutionNode = FALSE
	EndGlobalSection
	GlobalSection(ExtensibilityGlobals) = postSolution
		SolutionGuid = {1633C049-BDB2-451D-9D67-995B9C4C1B90}
	EndGlobalSection
EndGlobal
