
Microsoft Visual Studio Solution File, Format Version 12.00
# Visual Studio Version 17
VisualStudioVersion = 17.3.32825.248
MinimumVisualStudioVersion = 10.0.40219.1
Project("{FAE04EC0-301F-11D3-BF4B-00C04F79EFBC}") = "MVCLab", "MVCLab\MVCLab.csproj", "{4DBC7409-9BD0-4426-A4BE-6D13EBF7B70A}"
EndProject
Global
	GlobalSection(SolutionConfigurationPlatforms) = preSolution
		Debug|Any CPU = Debug|Any CPU
		Release|Any CPU = Release|Any CPU
	EndGlobalSection
	GlobalSection(ProjectConfigurationPlatforms) = postSolution
		{4DBC7409-9BD0-4426-A4BE-6D13EBF7B70A}.Debug|Any CPU.ActiveCfg = Debug|Any CPU
		{4DBC7409-9BD0-4426-A4BE-6D13EBF7B70A}.Debug|Any CPU.Build.0 = Debug|Any CPU
		{4DBC7409-9BD0-4426-A4BE-6D13EBF7B70A}.Release|Any CPU.ActiveCfg = Release|Any CPU
		{4DBC7409-9BD0-4426-A4BE-6D13EBF7B70A}.Release|Any CPU.Build.0 = Release|Any CPU
	EndGlobalSection
	GlobalSection(SolutionProperties) = preSolution
		HideSolutionNode = FALSE
	EndGlobalSection
	GlobalSection(ExtensibilityGlobals) = postSolution
		SolutionGuid = {92FF6718-D2BF-4305-9E17-B7418763ECE6}
	EndGlobalSection
EndGlobal
